
Microsoft Visual Studio Solution File, Format Version 12.00
# Visual Studio Version 16
VisualStudioVersion = 16.0.32602.291
MinimumVisualStudioVersion = 10.0.40219.1
Project("{2150E333-8FDC-42A3-9474-1A3956D46DE8}") = "C", "C", "{00B3AC81-02C1-4A51-9364-3C9805C1A484}"
EndProject
Project("{2150E333-8FDC-42A3-9474-1A3956D46DE8}") = "C++", "C++", "{F413F17C-FDB6-4F0C-B1BA-1C6F3C111D0E}"
EndProject
Project("{8BC9CEB8-8B4A-11D0-8D11-00A0C91BC942}") = "hanoi", "star\star.vcxproj", "{D559AF59-61AA-4F58-9001-646FE39B1EB5}"
EndProject
Project("{2150E333-8FDC-42A3-9474-1A3956D46DE8}") = "practice", "practice", "{F80921D8-4CF1-4868-B723-4F98335A1160}"
EndProject
Project("{8BC9CEB8-8B4A-11D0-8D11-00A0C91BC942}") = "magic_square", "magic_square\magic_square.vcxproj", "{98678BEC-8EA6-4E53-BC4F-FECEC1450332}"
EndProject
Project("{8BC9CEB8-8B4A-11D0-8D11-00A0C91BC942}") = "Single_Linked_List", "Single_Linked_List\Single_Linked_List.vcxproj", "{5FF1512C-1D8D-4436-9504-EBEB9F39A9F4}"
EndProject
Project("{8BC9CEB8-8B4A-11D0-8D11-00A0C91BC942}") = "LinkedList.lib", "LinkedList.lib\LinkedList.lib.vcxproj", "{852881AA-190E-43AB-83FE-8EE11A8DB8DF}"
EndProject
Project("{8BC9CEB8-8B4A-11D0-8D11-00A0C91BC942}") = "Stack", "Stack\Stack.vcxproj", "{98B79323-D0F2-405B-A017-F8895361A49D}"
EndProject
Project("{8BC9CEB8-8B4A-11D0-8D11-00A0C91BC942}") = "Queue", "Queue\Queue.vcxproj", "{BEDA48BF-7825-4097-9AC4-1DA59192B246}"
EndProject
Project("{8BC9CEB8-8B4A-11D0-8D11-00A0C91BC942}") = "Student_management", "Linked_list_Queue_Stack\Linked_list_Queue_Stack.vcxproj", "{8317214E-D879-40D4-A6F5-32BAC2301EE4}"
EndProject
Project("{8BC9CEB8-8B4A-11D0-8D11-00A0C91BC942}") = "Wage_Table", "Wage_Table\Wage_Table.vcxproj", "{F807859D-F332-44D5-BEBA-03CB9ABB34F5}"
EndProject
Project("{8BC9CEB8-8B4A-11D0-8D11-00A0C91BC942}") = "Student_Manager", "Student_Manager\Student_Manager.vcxproj", "{99968372-9DFE-4F26-B773-53A50F69807E}"
EndProject
Project("{8BC9CEB8-8B4A-11D0-8D11-00A0C91BC942}") = "Sort", "Sort\Sort.vcxproj", "{5FF282A5-00F5-40B2-A95C-F03105F5C317}"
EndProject
Project("{2150E333-8FDC-42A3-9474-1A3956D46DE8}") = "Practice", "Practice", "{9878AF62-C525-49E8-B0C7-F9EA134398DC}"
EndProject
Project("{2150E333-8FDC-42A3-9474-1A3956D46DE8}") = "Test", "Test", "{4AA76842-1A16-407C-B3B6-A321635C0E13}"
EndProject
Project("{8BC9CEB8-8B4A-11D0-8D11-00A0C91BC942}") = "Tree", "Tree\Tree.vcxproj", "{DEE0C6D2-3786-40AB-B78B-DE307872F078}"
EndProject
Project("{8BC9CEB8-8B4A-11D0-8D11-00A0C91BC942}") = "STL", "STL\STL.vcxproj", "{377EDB78-4015-44D3-957E-B3C9DCA4CE5D}"
EndProject
Project("{8BC9CEB8-8B4A-11D0-8D11-00A0C91BC942}") = "Octree", "Octree\Octree.vcxproj", "{50E4F22B-2C80-473E-8C0B-603565C7E2C2}"
EndProject
Project("{2150E333-8FDC-42A3-9474-1A3956D46DE8}") = "Windows", "Windows", "{937F8E44-BCD5-4716-85C6-195B4B9973B6}"
EndProject
Project("{8BC9CEB8-8B4A-11D0-8D11-00A0C91BC942}") = "Create_Windows", "Create_Windows\Create_Windows.vcxproj", "{62676A2D-CB7E-4661-BAC1-235DEB64DFF7}"
EndProject
Project("{8BC9CEB8-8B4A-11D0-8D11-00A0C91BC942}") = "Create_Windows_0", "Create_Windows_0\Create_Windows_0.vcxproj", "{A44B28FE-8D82-498C-BFC5-1E9E035C42DB}"
EndProject
Project("{8BC9CEB8-8B4A-11D0-8D11-00A0C91BC942}") = "Create_Device", "Create_Device\Create_Device.vcxproj", "{37BF8DF8-A2F1-4849-8757-C44CEAE10E32}"
EndProject
Project("{8BC9CEB8-8B4A-11D0-8D11-00A0C91BC942}") = "Create_Triangle", "Create_Triangle\Create_Triangle.vcxproj", "{9193844E-0052-436D-9923-D71ACD03FF35}"
EndProject
Project("{8BC9CEB8-8B4A-11D0-8D11-00A0C91BC942}") = "Draw_Tree", "Draw_Tree\Draw_Tree.vcxproj", "{EB1A08E0-315B-479E-865A-1A1E01F4FDA0}"
EndProject
Project("{8BC9CEB8-8B4A-11D0-8D11-00A0C91BC942}") = "Virtual", "Virtual\Virtual.vcxproj", "{8F4B1D66-C593-402C-BD1E-B288CFFAEBD4}"
EndProject
Project("{2150E333-8FDC-42A3-9474-1A3956D46DE8}") = "DX", "DX", "{689625F6-8CB6-42FF-AF22-B0A7EB991607}"
EndProject
Project("{8BC9CEB8-8B4A-11D0-8D11-00A0C91BC942}") = "DirectXTK_Desktop_2019", "DirectXTK-main\DirectXTK_Desktop_2019.vcxproj", "{E0B52AE7-E160-4D32-BF3F-910B785E5A8E}"
EndProject
Project("{8BC9CEB8-8B4A-11D0-8D11-00A0C91BC942}") = "Project1", "Project1\Project1.vcxproj", "{94227EF8-9751-4F86-9AB9-7EC6E67B39EC}"
EndProject
Project("{8BC9CEB8-8B4A-11D0-8D11-00A0C91BC942}") = "Create_Texture", "Create_Texture\Draw_Tree.vcxproj", "{1B2DF9C7-6E6E-4CBB-925B-34D444AB0AAC}"
EndProject
Project("{8BC9CEB8-8B4A-11D0-8D11-00A0C91BC942}") = "Create_Texture_01", "Create_Texture_1\Create_texture_01.vcxproj", "{84E8E8B7-8364-4916-A896-AC28F3591959}"
EndProject
Project("{8BC9CEB8-8B4A-11D0-8D11-00A0C91BC942}") = "Input Method", "Input Method\Input Method.vcxproj", "{8256E462-7E9C-4FEE-9046-4978656EAAD4}"
EndProject
Project("{8BC9CEB8-8B4A-11D0-8D11-00A0C91BC942}") = "KJMCore", "KJMCore\KJMCore.vcxproj", "{082AD059-3363-4930-950A-9DECA146C825}"
EndProject
Project("{8BC9CEB8-8B4A-11D0-8D11-00A0C91BC942}") = "KJMCoreSample", "KJMCoreSample\KJMCoreSample.vcxproj", "{6F39491A-A84C-4E0C-A86F-825EE5E61923}"
EndProject
Project("{8BC9CEB8-8B4A-11D0-8D11-00A0C91BC942}") = "Writer Method", "Writer Method\Writer Method.vcxproj", "{21C0E20C-2F56-4194-BD2B-1364C28A7BDE}"
EndProject
Project("{8BC9CEB8-8B4A-11D0-8D11-00A0C91BC942}") = "Core_Refactoring", "Core_Refactoring\Core_Refactoring.vcxproj", "{5B0011D7-6FF3-493E-B73D-D64129226CB9}"
EndProject
Project("{8BC9CEB8-8B4A-11D0-8D11-00A0C91BC942}") = "SpriteIMG", "SpriteIMG\SpriteIMG.vcxproj", "{AE6797AB-68E0-4823-9476-80EB2DDF2931}"
EndProject
Project("{8BC9CEB8-8B4A-11D0-8D11-00A0C91BC942}") = "MaskIMG", "MaskIMG\MaskIMG.vcxproj", "{3F81E9EC-8BCB-47C1-9D8A-27D1C3E83062}"
EndProject
Project("{2150E333-8FDC-42A3-9474-1A3956D46DE8}") = "Library", "Library", "{B8A5B0BD-FDCF-4C23-B28B-A93E494528A1}"
EndProject
Project("{8BC9CEB8-8B4A-11D0-8D11-00A0C91BC942}") = "KJMCoreSample Test", "KJMCoreSample Test\KJMCoreSample Test.vcxproj", "{3397B4D7-F171-4223-822B-51FC899056E9}"
EndProject
Project("{8BC9CEB8-8B4A-11D0-8D11-00A0C91BC942}") = "KJMCoreSample Test_core", "KJMCoreSample Test_core\KJMCoreSample Test_core.vcxproj", "{7517F20D-6AE8-44BD-AEAF-F79A801D1057}"
EndProject
Project("{8BC9CEB8-8B4A-11D0-8D11-00A0C91BC942}") = "KJMCoreSample Test_input", "KJMCoreSample Test_input\KJMCoreSample Test_input.vcxproj", "{00E72D3A-D5B3-4548-92D7-69A48ADBB840}"
EndProject
Project("{8BC9CEB8-8B4A-11D0-8D11-00A0C91BC942}") = "KJMCoreSample Test_timer", "KJMCoreSample Test_timer\KJMCoreSample Test_timer.vcxproj", "{62915F68-ED21-4162-8831-D5A2594B1FD3}"
EndProject
Project("{8BC9CEB8-8B4A-11D0-8D11-00A0C91BC942}") = "KJMCoreSample Test_writer", "KJMCoreSample Test_writer\KJMCoreSample Test_writer.vcxproj", "{D160C57F-58E6-4C19-8FBE-398BDC5B2B8D}"
EndProject
Project("{8BC9CEB8-8B4A-11D0-8D11-00A0C91BC942}") = "KJMCoreSample Test_template", "KJMCoreSample Test_template\KJMCoreSample Test_template.vcxproj", "{98A4805B-D221-45EF-8F29-853693A71519}"
EndProject
Project("{8BC9CEB8-8B4A-11D0-8D11-00A0C91BC942}") = "Core Test1", "Core Test1\Core Test1.vcxproj", "{65E4AEFA-1A3F-40E5-8DD0-3A5DF33EA8D2}"
EndProject
Project("{8BC9CEB8-8B4A-11D0-8D11-00A0C91BC942}") = "KJMCoreSample Test_shader", "KJMCoreSample Test_shader\KJMCoreSample Test_shader.vcxproj", "{754A85F4-2F52-4F73-A92D-F18273F8745F}"
EndProject
Project("{8BC9CEB8-8B4A-11D0-8D11-00A0C91BC942}") = "KJMCoreSample Test_index", "KJMCoreSample Test_index\KJMCoreSample Test_index.vcxproj", "{9043E938-9366-4424-9448-FE29969818D2}"
EndProject
Project("{8BC9CEB8-8B4A-11D0-8D11-00A0C91BC942}") = "KJMCoreSample Test_texture", "KJMCoreSample Test_texture\KJMCoreSample Test_texture.vcxproj", "{DFF9A7BD-65BD-4BBA-B069-52A5426CFF19}"
EndProject
Project("{8BC9CEB8-8B4A-11D0-8D11-00A0C91BC942}") = "KJMCoreSample Test_SS", "KJMCoreSample Test_SS\KJMCoreSample Test_SS.vcxproj", "{29C481C2-69FB-40C4-A25C-5634A0365617}"
EndProject
Project("{8BC9CEB8-8B4A-11D0-8D11-00A0C91BC942}") = "2D game test", "2D game test\2D game test.vcxproj", "{0C519941-87C7-459E-BF2E-563FB0B9546E}"
EndProject
Global
	GlobalSection(SolutionConfigurationPlatforms) = preSolution
		Debug|x64 = Debug|x64
		Debug|x86 = Debug|x86
		Release|x64 = Release|x64
		Release|x86 = Release|x86
	EndGlobalSection
	GlobalSection(ProjectConfigurationPlatforms) = postSolution
		{D559AF59-61AA-4F58-9001-646FE39B1EB5}.Debug|x64.ActiveCfg = Debug|x64
		{D559AF59-61AA-4F58-9001-646FE39B1EB5}.Debug|x64.Build.0 = Debug|x64
		{D559AF59-61AA-4F58-9001-646FE39B1EB5}.Debug|x86.ActiveCfg = Debug|Win32
		{D559AF59-61AA-4F58-9001-646FE39B1EB5}.Debug|x86.Build.0 = Debug|Win32
		{D559AF59-61AA-4F58-9001-646FE39B1EB5}.Release|x64.ActiveCfg = Release|x64
		{D559AF59-61AA-4F58-9001-646FE39B1EB5}.Release|x64.Build.0 = Release|x64
		{D559AF59-61AA-4F58-9001-646FE39B1EB5}.Release|x86.ActiveCfg = Release|Win32
		{D559AF59-61AA-4F58-9001-646FE39B1EB5}.Release|x86.Build.0 = Release|Win32
		{98678BEC-8EA6-4E53-BC4F-FECEC1450332}.Debug|x64.ActiveCfg = Debug|x64
		{98678BEC-8EA6-4E53-BC4F-FECEC1450332}.Debug|x64.Build.0 = Debug|x64
		{98678BEC-8EA6-4E53-BC4F-FECEC1450332}.Debug|x86.ActiveCfg = Debug|Win32
		{98678BEC-8EA6-4E53-BC4F-FECEC1450332}.Debug|x86.Build.0 = Debug|Win32
		{98678BEC-8EA6-4E53-BC4F-FECEC1450332}.Release|x64.ActiveCfg = Release|x64
		{98678BEC-8EA6-4E53-BC4F-FECEC1450332}.Release|x64.Build.0 = Release|x64
		{98678BEC-8EA6-4E53-BC4F-FECEC1450332}.Release|x86.ActiveCfg = Release|Win32
		{98678BEC-8EA6-4E53-BC4F-FECEC1450332}.Release|x86.Build.0 = Release|Win32
		{5FF1512C-1D8D-4436-9504-EBEB9F39A9F4}.Debug|x64.ActiveCfg = Debug|x64
		{5FF1512C-1D8D-4436-9504-EBEB9F39A9F4}.Debug|x64.Build.0 = Debug|x64
		{5FF1512C-1D8D-4436-9504-EBEB9F39A9F4}.Debug|x86.ActiveCfg = Debug|Win32
		{5FF1512C-1D8D-4436-9504-EBEB9F39A9F4}.Debug|x86.Build.0 = Debug|Win32
		{5FF1512C-1D8D-4436-9504-EBEB9F39A9F4}.Release|x64.ActiveCfg = Release|x64
		{5FF1512C-1D8D-4436-9504-EBEB9F39A9F4}.Release|x64.Build.0 = Release|x64
		{5FF1512C-1D8D-4436-9504-EBEB9F39A9F4}.Release|x86.ActiveCfg = Release|Win32
		{5FF1512C-1D8D-4436-9504-EBEB9F39A9F4}.Release|x86.Build.0 = Release|Win32
		{852881AA-190E-43AB-83FE-8EE11A8DB8DF}.Debug|x64.ActiveCfg = Debug|x64
		{852881AA-190E-43AB-83FE-8EE11A8DB8DF}.Debug|x64.Build.0 = Debug|x64
		{852881AA-190E-43AB-83FE-8EE11A8DB8DF}.Debug|x86.ActiveCfg = Debug|Win32
		{852881AA-190E-43AB-83FE-8EE11A8DB8DF}.Debug|x86.Build.0 = Debug|Win32
		{852881AA-190E-43AB-83FE-8EE11A8DB8DF}.Release|x64.ActiveCfg = Release|x64
		{852881AA-190E-43AB-83FE-8EE11A8DB8DF}.Release|x64.Build.0 = Release|x64
		{852881AA-190E-43AB-83FE-8EE11A8DB8DF}.Release|x86.ActiveCfg = Release|Win32
		{852881AA-190E-43AB-83FE-8EE11A8DB8DF}.Release|x86.Build.0 = Release|Win32
		{98B79323-D0F2-405B-A017-F8895361A49D}.Debug|x64.ActiveCfg = Debug|x64
		{98B79323-D0F2-405B-A017-F8895361A49D}.Debug|x64.Build.0 = Debug|x64
		{98B79323-D0F2-405B-A017-F8895361A49D}.Debug|x86.ActiveCfg = Debug|Win32
		{98B79323-D0F2-405B-A017-F8895361A49D}.Debug|x86.Build.0 = Debug|Win32
		{98B79323-D0F2-405B-A017-F8895361A49D}.Release|x64.ActiveCfg = Release|x64
		{98B79323-D0F2-405B-A017-F8895361A49D}.Release|x64.Build.0 = Release|x64
		{98B79323-D0F2-405B-A017-F8895361A49D}.Release|x86.ActiveCfg = Release|Win32
		{98B79323-D0F2-405B-A017-F8895361A49D}.Release|x86.Build.0 = Release|Win32
		{BEDA48BF-7825-4097-9AC4-1DA59192B246}.Debug|x64.ActiveCfg = Debug|x64
		{BEDA48BF-7825-4097-9AC4-1DA59192B246}.Debug|x64.Build.0 = Debug|x64
		{BEDA48BF-7825-4097-9AC4-1DA59192B246}.Debug|x86.ActiveCfg = Debug|Win32
		{BEDA48BF-7825-4097-9AC4-1DA59192B246}.Debug|x86.Build.0 = Debug|Win32
		{BEDA48BF-7825-4097-9AC4-1DA59192B246}.Release|x64.ActiveCfg = Release|x64
		{BEDA48BF-7825-4097-9AC4-1DA59192B246}.Release|x64.Build.0 = Release|x64
		{BEDA48BF-7825-4097-9AC4-1DA59192B246}.Release|x86.ActiveCfg = Release|Win32
		{BEDA48BF-7825-4097-9AC4-1DA59192B246}.Release|x86.Build.0 = Release|Win32
		{8317214E-D879-40D4-A6F5-32BAC2301EE4}.Debug|x64.ActiveCfg = Debug|x64
		{8317214E-D879-40D4-A6F5-32BAC2301EE4}.Debug|x64.Build.0 = Debug|x64
		{8317214E-D879-40D4-A6F5-32BAC2301EE4}.Debug|x86.ActiveCfg = Debug|Win32
		{8317214E-D879-40D4-A6F5-32BAC2301EE4}.Debug|x86.Build.0 = Debug|Win32
		{8317214E-D879-40D4-A6F5-32BAC2301EE4}.Release|x64.ActiveCfg = Release|x64
		{8317214E-D879-40D4-A6F5-32BAC2301EE4}.Release|x64.Build.0 = Release|x64
		{8317214E-D879-40D4-A6F5-32BAC2301EE4}.Release|x86.ActiveCfg = Release|Win32
		{8317214E-D879-40D4-A6F5-32BAC2301EE4}.Release|x86.Build.0 = Release|Win32
		{F807859D-F332-44D5-BEBA-03CB9ABB34F5}.Debug|x64.ActiveCfg = Debug|x64
		{F807859D-F332-44D5-BEBA-03CB9ABB34F5}.Debug|x64.Build.0 = Debug|x64
		{F807859D-F332-44D5-BEBA-03CB9ABB34F5}.Debug|x86.ActiveCfg = Debug|Win32
		{F807859D-F332-44D5-BEBA-03CB9ABB34F5}.Debug|x86.Build.0 = Debug|Win32
		{F807859D-F332-44D5-BEBA-03CB9ABB34F5}.Release|x64.ActiveCfg = Release|x64
		{F807859D-F332-44D5-BEBA-03CB9ABB34F5}.Release|x64.Build.0 = Release|x64
		{F807859D-F332-44D5-BEBA-03CB9ABB34F5}.Release|x86.ActiveCfg = Release|Win32
		{F807859D-F332-44D5-BEBA-03CB9ABB34F5}.Release|x86.Build.0 = Release|Win32
		{99968372-9DFE-4F26-B773-53A50F69807E}.Debug|x64.ActiveCfg = Debug|x64
		{99968372-9DFE-4F26-B773-53A50F69807E}.Debug|x64.Build.0 = Debug|x64
		{99968372-9DFE-4F26-B773-53A50F69807E}.Debug|x86.ActiveCfg = Debug|Win32
		{99968372-9DFE-4F26-B773-53A50F69807E}.Debug|x86.Build.0 = Debug|Win32
		{99968372-9DFE-4F26-B773-53A50F69807E}.Release|x64.ActiveCfg = Release|x64
		{99968372-9DFE-4F26-B773-53A50F69807E}.Release|x64.Build.0 = Release|x64
		{99968372-9DFE-4F26-B773-53A50F69807E}.Release|x86.ActiveCfg = Release|Win32
		{99968372-9DFE-4F26-B773-53A50F69807E}.Release|x86.Build.0 = Release|Win32
		{5FF282A5-00F5-40B2-A95C-F03105F5C317}.Debug|x64.ActiveCfg = Debug|x64
		{5FF282A5-00F5-40B2-A95C-F03105F5C317}.Debug|x64.Build.0 = Debug|x64
		{5FF282A5-00F5-40B2-A95C-F03105F5C317}.Debug|x86.ActiveCfg = Debug|Win32
		{5FF282A5-00F5-40B2-A95C-F03105F5C317}.Debug|x86.Build.0 = Debug|Win32
		{5FF282A5-00F5-40B2-A95C-F03105F5C317}.Release|x64.ActiveCfg = Release|x64
		{5FF282A5-00F5-40B2-A95C-F03105F5C317}.Release|x64.Build.0 = Release|x64
		{5FF282A5-00F5-40B2-A95C-F03105F5C317}.Release|x86.ActiveCfg = Release|Win32
		{5FF282A5-00F5-40B2-A95C-F03105F5C317}.Release|x86.Build.0 = Release|Win32
		{DEE0C6D2-3786-40AB-B78B-DE307872F078}.Debug|x64.ActiveCfg = Debug|x64
		{DEE0C6D2-3786-40AB-B78B-DE307872F078}.Debug|x64.Build.0 = Debug|x64
		{DEE0C6D2-3786-40AB-B78B-DE307872F078}.Debug|x86.ActiveCfg = Debug|Win32
		{DEE0C6D2-3786-40AB-B78B-DE307872F078}.Debug|x86.Build.0 = Debug|Win32
		{DEE0C6D2-3786-40AB-B78B-DE307872F078}.Release|x64.ActiveCfg = Release|x64
		{DEE0C6D2-3786-40AB-B78B-DE307872F078}.Release|x64.Build.0 = Release|x64
		{DEE0C6D2-3786-40AB-B78B-DE307872F078}.Release|x86.ActiveCfg = Release|Win32
		{DEE0C6D2-3786-40AB-B78B-DE307872F078}.Release|x86.Build.0 = Release|Win32
		{377EDB78-4015-44D3-957E-B3C9DCA4CE5D}.Debug|x64.ActiveCfg = Debug|x64
		{377EDB78-4015-44D3-957E-B3C9DCA4CE5D}.Debug|x64.Build.0 = Debug|x64
		{377EDB78-4015-44D3-957E-B3C9DCA4CE5D}.Debug|x86.ActiveCfg = Debug|Win32
		{377EDB78-4015-44D3-957E-B3C9DCA4CE5D}.Debug|x86.Build.0 = Debug|Win32
		{377EDB78-4015-44D3-957E-B3C9DCA4CE5D}.Release|x64.ActiveCfg = Release|x64
		{377EDB78-4015-44D3-957E-B3C9DCA4CE5D}.Release|x64.Build.0 = Release|x64
		{377EDB78-4015-44D3-957E-B3C9DCA4CE5D}.Release|x86.ActiveCfg = Release|Win32
		{377EDB78-4015-44D3-957E-B3C9DCA4CE5D}.Release|x86.Build.0 = Release|Win32
		{50E4F22B-2C80-473E-8C0B-603565C7E2C2}.Debug|x64.ActiveCfg = Debug|x64
		{50E4F22B-2C80-473E-8C0B-603565C7E2C2}.Debug|x64.Build.0 = Debug|x64
		{50E4F22B-2C80-473E-8C0B-603565C7E2C2}.Debug|x86.ActiveCfg = Debug|Win32
		{50E4F22B-2C80-473E-8C0B-603565C7E2C2}.Debug|x86.Build.0 = Debug|Win32
		{50E4F22B-2C80-473E-8C0B-603565C7E2C2}.Release|x64.ActiveCfg = Release|x64
		{50E4F22B-2C80-473E-8C0B-603565C7E2C2}.Release|x64.Build.0 = Release|x64
		{50E4F22B-2C80-473E-8C0B-603565C7E2C2}.Release|x86.ActiveCfg = Release|Win32
		{50E4F22B-2C80-473E-8C0B-603565C7E2C2}.Release|x86.Build.0 = Release|Win32
		{62676A2D-CB7E-4661-BAC1-235DEB64DFF7}.Debug|x64.ActiveCfg = Debug|x64
		{62676A2D-CB7E-4661-BAC1-235DEB64DFF7}.Debug|x64.Build.0 = Debug|x64
		{62676A2D-CB7E-4661-BAC1-235DEB64DFF7}.Debug|x86.ActiveCfg = Debug|Win32
		{62676A2D-CB7E-4661-BAC1-235DEB64DFF7}.Debug|x86.Build.0 = Debug|Win32
		{62676A2D-CB7E-4661-BAC1-235DEB64DFF7}.Release|x64.ActiveCfg = Release|x64
		{62676A2D-CB7E-4661-BAC1-235DEB64DFF7}.Release|x64.Build.0 = Release|x64
		{62676A2D-CB7E-4661-BAC1-235DEB64DFF7}.Release|x86.ActiveCfg = Release|Win32
		{62676A2D-CB7E-4661-BAC1-235DEB64DFF7}.Release|x86.Build.0 = Release|Win32
		{A44B28FE-8D82-498C-BFC5-1E9E035C42DB}.Debug|x64.ActiveCfg = Debug|x64
		{A44B28FE-8D82-498C-BFC5-1E9E035C42DB}.Debug|x64.Build.0 = Debug|x64
		{A44B28FE-8D82-498C-BFC5-1E9E035C42DB}.Debug|x86.ActiveCfg = Debug|Win32
		{A44B28FE-8D82-498C-BFC5-1E9E035C42DB}.Debug|x86.Build.0 = Debug|Win32
		{A44B28FE-8D82-498C-BFC5-1E9E035C42DB}.Release|x64.ActiveCfg = Release|x64
		{A44B28FE-8D82-498C-BFC5-1E9E035C42DB}.Release|x64.Build.0 = Release|x64
		{A44B28FE-8D82-498C-BFC5-1E9E035C42DB}.Release|x86.ActiveCfg = Release|Win32
		{A44B28FE-8D82-498C-BFC5-1E9E035C42DB}.Release|x86.Build.0 = Release|Win32
		{37BF8DF8-A2F1-4849-8757-C44CEAE10E32}.Debug|x64.ActiveCfg = Debug|x64
		{37BF8DF8-A2F1-4849-8757-C44CEAE10E32}.Debug|x64.Build.0 = Debug|x64
		{37BF8DF8-A2F1-4849-8757-C44CEAE10E32}.Debug|x86.ActiveCfg = Debug|Win32
		{37BF8DF8-A2F1-4849-8757-C44CEAE10E32}.Debug|x86.Build.0 = Debug|Win32
		{37BF8DF8-A2F1-4849-8757-C44CEAE10E32}.Release|x64.ActiveCfg = Release|x64
		{37BF8DF8-A2F1-4849-8757-C44CEAE10E32}.Release|x64.Build.0 = Release|x64
		{37BF8DF8-A2F1-4849-8757-C44CEAE10E32}.Release|x86.ActiveCfg = Release|Win32
		{37BF8DF8-A2F1-4849-8757-C44CEAE10E32}.Release|x86.Build.0 = Release|Win32
		{9193844E-0052-436D-9923-D71ACD03FF35}.Debug|x64.ActiveCfg = Debug|x64
		{9193844E-0052-436D-9923-D71ACD03FF35}.Debug|x64.Build.0 = Debug|x64
		{9193844E-0052-436D-9923-D71ACD03FF35}.Debug|x86.ActiveCfg = Debug|Win32
		{9193844E-0052-436D-9923-D71ACD03FF35}.Debug|x86.Build.0 = Debug|Win32
		{9193844E-0052-436D-9923-D71ACD03FF35}.Release|x64.ActiveCfg = Release|x64
		{9193844E-0052-436D-9923-D71ACD03FF35}.Release|x64.Build.0 = Release|x64
		{9193844E-0052-436D-9923-D71ACD03FF35}.Release|x86.ActiveCfg = Release|Win32
		{9193844E-0052-436D-9923-D71ACD03FF35}.Release|x86.Build.0 = Release|Win32
		{EB1A08E0-315B-479E-865A-1A1E01F4FDA0}.Debug|x64.ActiveCfg = Debug|x64
		{EB1A08E0-315B-479E-865A-1A1E01F4FDA0}.Debug|x64.Build.0 = Debug|x64
		{EB1A08E0-315B-479E-865A-1A1E01F4FDA0}.Debug|x86.ActiveCfg = Debug|Win32
		{EB1A08E0-315B-479E-865A-1A1E01F4FDA0}.Debug|x86.Build.0 = Debug|Win32
		{EB1A08E0-315B-479E-865A-1A1E01F4FDA0}.Release|x64.ActiveCfg = Release|x64
		{EB1A08E0-315B-479E-865A-1A1E01F4FDA0}.Release|x64.Build.0 = Release|x64
		{EB1A08E0-315B-479E-865A-1A1E01F4FDA0}.Release|x86.ActiveCfg = Release|Win32
		{EB1A08E0-315B-479E-865A-1A1E01F4FDA0}.Release|x86.Build.0 = Release|Win32
		{8F4B1D66-C593-402C-BD1E-B288CFFAEBD4}.Debug|x64.ActiveCfg = Debug|x64
		{8F4B1D66-C593-402C-BD1E-B288CFFAEBD4}.Debug|x64.Build.0 = Debug|x64
		{8F4B1D66-C593-402C-BD1E-B288CFFAEBD4}.Debug|x86.ActiveCfg = Debug|Win32
		{8F4B1D66-C593-402C-BD1E-B288CFFAEBD4}.Debug|x86.Build.0 = Debug|Win32
		{8F4B1D66-C593-402C-BD1E-B288CFFAEBD4}.Release|x64.ActiveCfg = Release|x64
		{8F4B1D66-C593-402C-BD1E-B288CFFAEBD4}.Release|x64.Build.0 = Release|x64
		{8F4B1D66-C593-402C-BD1E-B288CFFAEBD4}.Release|x86.ActiveCfg = Release|Win32
		{8F4B1D66-C593-402C-BD1E-B288CFFAEBD4}.Release|x86.Build.0 = Release|Win32
		{E0B52AE7-E160-4D32-BF3F-910B785E5A8E}.Debug|x64.ActiveCfg = Debug|x64
		{E0B52AE7-E160-4D32-BF3F-910B785E5A8E}.Debug|x64.Build.0 = Debug|x64
		{E0B52AE7-E160-4D32-BF3F-910B785E5A8E}.Debug|x86.ActiveCfg = Debug|Win32
		{E0B52AE7-E160-4D32-BF3F-910B785E5A8E}.Debug|x86.Build.0 = Debug|Win32
		{E0B52AE7-E160-4D32-BF3F-910B785E5A8E}.Release|x64.ActiveCfg = Release|x64
		{E0B52AE7-E160-4D32-BF3F-910B785E5A8E}.Release|x64.Build.0 = Release|x64
		{E0B52AE7-E160-4D32-BF3F-910B785E5A8E}.Release|x86.ActiveCfg = Release|Win32
		{E0B52AE7-E160-4D32-BF3F-910B785E5A8E}.Release|x86.Build.0 = Release|Win32
		{94227EF8-9751-4F86-9AB9-7EC6E67B39EC}.Debug|x64.ActiveCfg = Debug|x64
		{94227EF8-9751-4F86-9AB9-7EC6E67B39EC}.Debug|x64.Build.0 = Debug|x64
		{94227EF8-9751-4F86-9AB9-7EC6E67B39EC}.Debug|x86.ActiveCfg = Debug|Win32
		{94227EF8-9751-4F86-9AB9-7EC6E67B39EC}.Debug|x86.Build.0 = Debug|Win32
		{94227EF8-9751-4F86-9AB9-7EC6E67B39EC}.Release|x64.ActiveCfg = Release|x64
		{94227EF8-9751-4F86-9AB9-7EC6E67B39EC}.Release|x64.Build.0 = Release|x64
		{94227EF8-9751-4F86-9AB9-7EC6E67B39EC}.Release|x86.ActiveCfg = Release|Win32
		{94227EF8-9751-4F86-9AB9-7EC6E67B39EC}.Release|x86.Build.0 = Release|Win32
		{1B2DF9C7-6E6E-4CBB-925B-34D444AB0AAC}.Debug|x64.ActiveCfg = Debug|x64
		{1B2DF9C7-6E6E-4CBB-925B-34D444AB0AAC}.Debug|x64.Build.0 = Debug|x64
		{1B2DF9C7-6E6E-4CBB-925B-34D444AB0AAC}.Debug|x86.ActiveCfg = Debug|Win32
		{1B2DF9C7-6E6E-4CBB-925B-34D444AB0AAC}.Debug|x86.Build.0 = Debug|Win32
		{1B2DF9C7-6E6E-4CBB-925B-34D444AB0AAC}.Release|x64.ActiveCfg = Release|x64
		{1B2DF9C7-6E6E-4CBB-925B-34D444AB0AAC}.Release|x64.Build.0 = Release|x64
		{1B2DF9C7-6E6E-4CBB-925B-34D444AB0AAC}.Release|x86.ActiveCfg = Release|Win32
		{1B2DF9C7-6E6E-4CBB-925B-34D444AB0AAC}.Release|x86.Build.0 = Release|Win32
		{84E8E8B7-8364-4916-A896-AC28F3591959}.Debug|x64.ActiveCfg = Debug|x64
		{84E8E8B7-8364-4916-A896-AC28F3591959}.Debug|x64.Build.0 = Debug|x64
		{84E8E8B7-8364-4916-A896-AC28F3591959}.Debug|x86.ActiveCfg = Debug|Win32
		{84E8E8B7-8364-4916-A896-AC28F3591959}.Debug|x86.Build.0 = Debug|Win32
		{84E8E8B7-8364-4916-A896-AC28F3591959}.Release|x64.ActiveCfg = Release|x64
		{84E8E8B7-8364-4916-A896-AC28F3591959}.Release|x64.Build.0 = Release|x64
		{84E8E8B7-8364-4916-A896-AC28F3591959}.Release|x86.ActiveCfg = Release|Win32
		{84E8E8B7-8364-4916-A896-AC28F3591959}.Release|x86.Build.0 = Release|Win32
		{8256E462-7E9C-4FEE-9046-4978656EAAD4}.Debug|x64.ActiveCfg = Debug|x64
		{8256E462-7E9C-4FEE-9046-4978656EAAD4}.Debug|x64.Build.0 = Debug|x64
		{8256E462-7E9C-4FEE-9046-4978656EAAD4}.Debug|x86.ActiveCfg = Debug|Win32
		{8256E462-7E9C-4FEE-9046-4978656EAAD4}.Debug|x86.Build.0 = Debug|Win32
		{8256E462-7E9C-4FEE-9046-4978656EAAD4}.Release|x64.ActiveCfg = Release|x64
		{8256E462-7E9C-4FEE-9046-4978656EAAD4}.Release|x64.Build.0 = Release|x64
		{8256E462-7E9C-4FEE-9046-4978656EAAD4}.Release|x86.ActiveCfg = Release|Win32
		{8256E462-7E9C-4FEE-9046-4978656EAAD4}.Release|x86.Build.0 = Release|Win32
		{082AD059-3363-4930-950A-9DECA146C825}.Debug|x64.ActiveCfg = Debug|x64
		{082AD059-3363-4930-950A-9DECA146C825}.Debug|x64.Build.0 = Debug|x64
		{082AD059-3363-4930-950A-9DECA146C825}.Debug|x86.ActiveCfg = Debug|Win32
		{082AD059-3363-4930-950A-9DECA146C825}.Debug|x86.Build.0 = Debug|Win32
		{082AD059-3363-4930-950A-9DECA146C825}.Release|x64.ActiveCfg = Release|x64
		{082AD059-3363-4930-950A-9DECA146C825}.Release|x64.Build.0 = Release|x64
		{082AD059-3363-4930-950A-9DECA146C825}.Release|x86.ActiveCfg = Release|Win32
		{082AD059-3363-4930-950A-9DECA146C825}.Release|x86.Build.0 = Release|Win32
		{6F39491A-A84C-4E0C-A86F-825EE5E61923}.Debug|x64.ActiveCfg = Debug|x64
		{6F39491A-A84C-4E0C-A86F-825EE5E61923}.Debug|x64.Build.0 = Debug|x64
		{6F39491A-A84C-4E0C-A86F-825EE5E61923}.Debug|x86.ActiveCfg = Debug|Win32
		{6F39491A-A84C-4E0C-A86F-825EE5E61923}.Debug|x86.Build.0 = Debug|Win32
		{6F39491A-A84C-4E0C-A86F-825EE5E61923}.Release|x64.ActiveCfg = Release|x64
		{6F39491A-A84C-4E0C-A86F-825EE5E61923}.Release|x64.Build.0 = Release|x64
		{6F39491A-A84C-4E0C-A86F-825EE5E61923}.Release|x86.ActiveCfg = Release|Win32
		{6F39491A-A84C-4E0C-A86F-825EE5E61923}.Release|x86.Build.0 = Release|Win32
		{21C0E20C-2F56-4194-BD2B-1364C28A7BDE}.Debug|x64.ActiveCfg = Debug|x64
		{21C0E20C-2F56-4194-BD2B-1364C28A7BDE}.Debug|x64.Build.0 = Debug|x64
		{21C0E20C-2F56-4194-BD2B-1364C28A7BDE}.Debug|x86.ActiveCfg = Debug|Win32
		{21C0E20C-2F56-4194-BD2B-1364C28A7BDE}.Debug|x86.Build.0 = Debug|Win32
		{21C0E20C-2F56-4194-BD2B-1364C28A7BDE}.Release|x64.ActiveCfg = Release|x64
		{21C0E20C-2F56-4194-BD2B-1364C28A7BDE}.Release|x64.Build.0 = Release|x64
		{21C0E20C-2F56-4194-BD2B-1364C28A7BDE}.Release|x86.ActiveCfg = Release|Win32
		{21C0E20C-2F56-4194-BD2B-1364C28A7BDE}.Release|x86.Build.0 = Release|Win32
		{5B0011D7-6FF3-493E-B73D-D64129226CB9}.Debug|x64.ActiveCfg = Debug|x64
		{5B0011D7-6FF3-493E-B73D-D64129226CB9}.Debug|x64.Build.0 = Debug|x64
		{5B0011D7-6FF3-493E-B73D-D64129226CB9}.Debug|x86.ActiveCfg = Debug|Win32
		{5B0011D7-6FF3-493E-B73D-D64129226CB9}.Debug|x86.Build.0 = Debug|Win32
		{5B0011D7-6FF3-493E-B73D-D64129226CB9}.Release|x64.ActiveCfg = Release|x64
		{5B0011D7-6FF3-493E-B73D-D64129226CB9}.Release|x64.Build.0 = Release|x64
		{5B0011D7-6FF3-493E-B73D-D64129226CB9}.Release|x86.ActiveCfg = Release|Win32
		{5B0011D7-6FF3-493E-B73D-D64129226CB9}.Release|x86.Build.0 = Release|Win32
		{AE6797AB-68E0-4823-9476-80EB2DDF2931}.Debug|x64.ActiveCfg = Debug|x64
		{AE6797AB-68E0-4823-9476-80EB2DDF2931}.Debug|x64.Build.0 = Debug|x64
		{AE6797AB-68E0-4823-9476-80EB2DDF2931}.Debug|x86.ActiveCfg = Debug|Win32
		{AE6797AB-68E0-4823-9476-80EB2DDF2931}.Debug|x86.Build.0 = Debug|Win32
		{AE6797AB-68E0-4823-9476-80EB2DDF2931}.Release|x64.ActiveCfg = Release|x64
		{AE6797AB-68E0-4823-9476-80EB2DDF2931}.Release|x64.Build.0 = Release|x64
		{AE6797AB-68E0-4823-9476-80EB2DDF2931}.Release|x86.ActiveCfg = Release|Win32
		{AE6797AB-68E0-4823-9476-80EB2DDF2931}.Release|x86.Build.0 = Release|Win32
		{3F81E9EC-8BCB-47C1-9D8A-27D1C3E83062}.Debug|x64.ActiveCfg = Debug|x64
		{3F81E9EC-8BCB-47C1-9D8A-27D1C3E83062}.Debug|x64.Build.0 = Debug|x64
		{3F81E9EC-8BCB-47C1-9D8A-27D1C3E83062}.Debug|x86.ActiveCfg = Debug|Win32
		{3F81E9EC-8BCB-47C1-9D8A-27D1C3E83062}.Debug|x86.Build.0 = Debug|Win32
		{3F81E9EC-8BCB-47C1-9D8A-27D1C3E83062}.Release|x64.ActiveCfg = Release|x64
		{3F81E9EC-8BCB-47C1-9D8A-27D1C3E83062}.Release|x64.Build.0 = Release|x64
		{3F81E9EC-8BCB-47C1-9D8A-27D1C3E83062}.Release|x86.ActiveCfg = Release|Win32
		{3F81E9EC-8BCB-47C1-9D8A-27D1C3E83062}.Release|x86.Build.0 = Release|Win32
		{3397B4D7-F171-4223-822B-51FC899056E9}.Debug|x64.ActiveCfg = Debug|x64
		{3397B4D7-F171-4223-822B-51FC899056E9}.Debug|x64.Build.0 = Debug|x64
		{3397B4D7-F171-4223-822B-51FC899056E9}.Debug|x86.ActiveCfg = Debug|Win32
		{3397B4D7-F171-4223-822B-51FC899056E9}.Debug|x86.Build.0 = Debug|Win32
		{3397B4D7-F171-4223-822B-51FC899056E9}.Release|x64.ActiveCfg = Release|x64
		{3397B4D7-F171-4223-822B-51FC899056E9}.Release|x64.Build.0 = Release|x64
		{3397B4D7-F171-4223-822B-51FC899056E9}.Release|x86.ActiveCfg = Release|Win32
		{3397B4D7-F171-4223-822B-51FC899056E9}.Release|x86.Build.0 = Release|Win32
		{7517F20D-6AE8-44BD-AEAF-F79A801D1057}.Debug|x64.ActiveCfg = Debug|x64
		{7517F20D-6AE8-44BD-AEAF-F79A801D1057}.Debug|x64.Build.0 = Debug|x64
		{7517F20D-6AE8-44BD-AEAF-F79A801D1057}.Debug|x86.ActiveCfg = Debug|Win32
		{7517F20D-6AE8-44BD-AEAF-F79A801D1057}.Debug|x86.Build.0 = Debug|Win32
		{7517F20D-6AE8-44BD-AEAF-F79A801D1057}.Release|x64.ActiveCfg = Release|x64
		{7517F20D-6AE8-44BD-AEAF-F79A801D1057}.Release|x64.Build.0 = Release|x64
		{7517F20D-6AE8-44BD-AEAF-F79A801D1057}.Release|x86.ActiveCfg = Release|Win32
		{7517F20D-6AE8-44BD-AEAF-F79A801D1057}.Release|x86.Build.0 = Release|Win32
		{00E72D3A-D5B3-4548-92D7-69A48ADBB840}.Debug|x64.ActiveCfg = Debug|x64
		{00E72D3A-D5B3-4548-92D7-69A48ADBB840}.Debug|x64.Build.0 = Debug|x64
		{00E72D3A-D5B3-4548-92D7-69A48ADBB840}.Debug|x86.ActiveCfg = Debug|Win32
		{00E72D3A-D5B3-4548-92D7-69A48ADBB840}.Debug|x86.Build.0 = Debug|Win32
		{00E72D3A-D5B3-4548-92D7-69A48ADBB840}.Release|x64.ActiveCfg = Release|x64
		{00E72D3A-D5B3-4548-92D7-69A48ADBB840}.Release|x64.Build.0 = Release|x64
		{00E72D3A-D5B3-4548-92D7-69A48ADBB840}.Release|x86.ActiveCfg = Release|Win32
		{00E72D3A-D5B3-4548-92D7-69A48ADBB840}.Release|x86.Build.0 = Release|Win32
		{62915F68-ED21-4162-8831-D5A2594B1FD3}.Debug|x64.ActiveCfg = Debug|x64
		{62915F68-ED21-4162-8831-D5A2594B1FD3}.Debug|x64.Build.0 = Debug|x64
		{62915F68-ED21-4162-8831-D5A2594B1FD3}.Debug|x86.ActiveCfg = Debug|Win32
		{62915F68-ED21-4162-8831-D5A2594B1FD3}.Debug|x86.Build.0 = Debug|Win32
		{62915F68-ED21-4162-8831-D5A2594B1FD3}.Release|x64.ActiveCfg = Release|x64
		{62915F68-ED21-4162-8831-D5A2594B1FD3}.Release|x64.Build.0 = Release|x64
		{62915F68-ED21-4162-8831-D5A2594B1FD3}.Release|x86.ActiveCfg = Release|Win32
		{62915F68-ED21-4162-8831-D5A2594B1FD3}.Release|x86.Build.0 = Release|Win32
		{D160C57F-58E6-4C19-8FBE-398BDC5B2B8D}.Debug|x64.ActiveCfg = Debug|x64
		{D160C57F-58E6-4C19-8FBE-398BDC5B2B8D}.Debug|x64.Build.0 = Debug|x64
		{D160C57F-58E6-4C19-8FBE-398BDC5B2B8D}.Debug|x86.ActiveCfg = Debug|Win32
		{D160C57F-58E6-4C19-8FBE-398BDC5B2B8D}.Debug|x86.Build.0 = Debug|Win32
		{D160C57F-58E6-4C19-8FBE-398BDC5B2B8D}.Release|x64.ActiveCfg = Release|x64
		{D160C57F-58E6-4C19-8FBE-398BDC5B2B8D}.Release|x64.Build.0 = Release|x64
		{D160C57F-58E6-4C19-8FBE-398BDC5B2B8D}.Release|x86.ActiveCfg = Release|Win32
		{D160C57F-58E6-4C19-8FBE-398BDC5B2B8D}.Release|x86.Build.0 = Release|Win32
		{98A4805B-D221-45EF-8F29-853693A71519}.Debug|x64.ActiveCfg = Debug|x64
		{98A4805B-D221-45EF-8F29-853693A71519}.Debug|x64.Build.0 = Debug|x64
		{98A4805B-D221-45EF-8F29-853693A71519}.Debug|x86.ActiveCfg = Debug|Win32
		{98A4805B-D221-45EF-8F29-853693A71519}.Debug|x86.Build.0 = Debug|Win32
		{98A4805B-D221-45EF-8F29-853693A71519}.Release|x64.ActiveCfg = Release|x64
		{98A4805B-D221-45EF-8F29-853693A71519}.Release|x64.Build.0 = Release|x64
		{98A4805B-D221-45EF-8F29-853693A71519}.Release|x86.ActiveCfg = Release|Win32
		{98A4805B-D221-45EF-8F29-853693A71519}.Release|x86.Build.0 = Release|Win32
		{65E4AEFA-1A3F-40E5-8DD0-3A5DF33EA8D2}.Debug|x64.ActiveCfg = Debug|x64
		{65E4AEFA-1A3F-40E5-8DD0-3A5DF33EA8D2}.Debug|x64.Build.0 = Debug|x64
		{65E4AEFA-1A3F-40E5-8DD0-3A5DF33EA8D2}.Debug|x86.ActiveCfg = Debug|Win32
		{65E4AEFA-1A3F-40E5-8DD0-3A5DF33EA8D2}.Debug|x86.Build.0 = Debug|Win32
		{65E4AEFA-1A3F-40E5-8DD0-3A5DF33EA8D2}.Release|x64.ActiveCfg = Release|x64
		{65E4AEFA-1A3F-40E5-8DD0-3A5DF33EA8D2}.Release|x64.Build.0 = Release|x64
		{65E4AEFA-1A3F-40E5-8DD0-3A5DF33EA8D2}.Release|x86.ActiveCfg = Release|Win32
		{65E4AEFA-1A3F-40E5-8DD0-3A5DF33EA8D2}.Release|x86.Build.0 = Release|Win32
		{754A85F4-2F52-4F73-A92D-F18273F8745F}.Debug|x64.ActiveCfg = Debug|x64
		{754A85F4-2F52-4F73-A92D-F18273F8745F}.Debug|x64.Build.0 = Debug|x64
		{754A85F4-2F52-4F73-A92D-F18273F8745F}.Debug|x86.ActiveCfg = Debug|Win32
		{754A85F4-2F52-4F73-A92D-F18273F8745F}.Debug|x86.Build.0 = Debug|Win32
		{754A85F4-2F52-4F73-A92D-F18273F8745F}.Release|x64.ActiveCfg = Release|x64
		{754A85F4-2F52-4F73-A92D-F18273F8745F}.Release|x64.Build.0 = Release|x64
		{754A85F4-2F52-4F73-A92D-F18273F8745F}.Release|x86.ActiveCfg = Release|Win32
		{754A85F4-2F52-4F73-A92D-F18273F8745F}.Release|x86.Build.0 = Release|Win32
		{9043E938-9366-4424-9448-FE29969818D2}.Debug|x64.ActiveCfg = Debug|x64
		{9043E938-9366-4424-9448-FE29969818D2}.Debug|x64.Build.0 = Debug|x64
		{9043E938-9366-4424-9448-FE29969818D2}.Debug|x86.ActiveCfg = Debug|Win32
		{9043E938-9366-4424-9448-FE29969818D2}.Debug|x86.Build.0 = Debug|Win32
		{9043E938-9366-4424-9448-FE29969818D2}.Release|x64.ActiveCfg = Release|x64
		{9043E938-9366-4424-9448-FE29969818D2}.Release|x64.Build.0 = Release|x64
		{9043E938-9366-4424-9448-FE29969818D2}.Release|x86.ActiveCfg = Release|Win32
		{9043E938-9366-4424-9448-FE29969818D2}.Release|x86.Build.0 = Release|Win32
		{DFF9A7BD-65BD-4BBA-B069-52A5426CFF19}.Debug|x64.ActiveCfg = Debug|x64
		{DFF9A7BD-65BD-4BBA-B069-52A5426CFF19}.Debug|x64.Build.0 = Debug|x64
		{DFF9A7BD-65BD-4BBA-B069-52A5426CFF19}.Debug|x86.ActiveCfg = Debug|Win32
		{DFF9A7BD-65BD-4BBA-B069-52A5426CFF19}.Debug|x86.Build.0 = Debug|Win32
		{DFF9A7BD-65BD-4BBA-B069-52A5426CFF19}.Release|x64.ActiveCfg = Release|x64
		{DFF9A7BD-65BD-4BBA-B069-52A5426CFF19}.Release|x64.Build.0 = Release|x64
		{DFF9A7BD-65BD-4BBA-B069-52A5426CFF19}.Release|x86.ActiveCfg = Release|Win32
		{DFF9A7BD-65BD-4BBA-B069-52A5426CFF19}.Release|x86.Build.0 = Release|Win32
		{29C481C2-69FB-40C4-A25C-5634A0365617}.Debug|x64.ActiveCfg = Debug|x64
		{29C481C2-69FB-40C4-A25C-5634A0365617}.Debug|x64.Build.0 = Debug|x64
		{29C481C2-69FB-40C4-A25C-5634A0365617}.Debug|x86.ActiveCfg = Debug|Win32
		{29C481C2-69FB-40C4-A25C-5634A0365617}.Debug|x86.Build.0 = Debug|Win32
		{29C481C2-69FB-40C4-A25C-5634A0365617}.Release|x64.ActiveCfg = Release|x64
		{29C481C2-69FB-40C4-A25C-5634A0365617}.Release|x64.Build.0 = Release|x64
		{29C481C2-69FB-40C4-A25C-5634A0365617}.Release|x86.ActiveCfg = Release|Win32
		{29C481C2-69FB-40C4-A25C-5634A0365617}.Release|x86.Build.0 = Release|Win32
		{0C519941-87C7-459E-BF2E-563FB0B9546E}.Debug|x64.ActiveCfg = Debug|x64
		{0C519941-87C7-459E-BF2E-563FB0B9546E}.Debug|x64.Build.0 = Debug|x64
		{0C519941-87C7-459E-BF2E-563FB0B9546E}.Debug|x86.ActiveCfg = Debug|Win32
		{0C519941-87C7-459E-BF2E-563FB0B9546E}.Debug|x86.Build.0 = Debug|Win32
		{0C519941-87C7-459E-BF2E-563FB0B9546E}.Release|x64.ActiveCfg = Release|x64
		{0C519941-87C7-459E-BF2E-563FB0B9546E}.Release|x64.Build.0 = Release|x64
		{0C519941-87C7-459E-BF2E-563FB0B9546E}.Release|x86.ActiveCfg = Release|Win32
		{0C519941-87C7-459E-BF2E-563FB0B9546E}.Release|x86.Build.0 = Release|Win32
	EndGlobalSection
	GlobalSection(SolutionProperties) = preSolution
		HideSolutionNode = FALSE
	EndGlobalSection
	GlobalSection(NestedProjects) = preSolution
		{D559AF59-61AA-4F58-9001-646FE39B1EB5} = {F80921D8-4CF1-4868-B723-4F98335A1160}
		{F80921D8-4CF1-4868-B723-4F98335A1160} = {00B3AC81-02C1-4A51-9364-3C9805C1A484}
		{98678BEC-8EA6-4E53-BC4F-FECEC1450332} = {F80921D8-4CF1-4868-B723-4F98335A1160}
		{5FF1512C-1D8D-4436-9504-EBEB9F39A9F4} = {F80921D8-4CF1-4868-B723-4F98335A1160}
		{852881AA-190E-43AB-83FE-8EE11A8DB8DF} = {B8A5B0BD-FDCF-4C23-B28B-A93E494528A1}
		{98B79323-D0F2-405B-A017-F8895361A49D} = {F80921D8-4CF1-4868-B723-4F98335A1160}
		{BEDA48BF-7825-4097-9AC4-1DA59192B246} = {F80921D8-4CF1-4868-B723-4F98335A1160}
		{8317214E-D879-40D4-A6F5-32BAC2301EE4} = {F80921D8-4CF1-4868-B723-4F98335A1160}
		{F807859D-F332-44D5-BEBA-03CB9ABB34F5} = {9878AF62-C525-49E8-B0C7-F9EA134398DC}
		{99968372-9DFE-4F26-B773-53A50F69807E} = {4AA76842-1A16-407C-B3B6-A321635C0E13}
		{5FF282A5-00F5-40B2-A95C-F03105F5C317} = {9878AF62-C525-49E8-B0C7-F9EA134398DC}
		{9878AF62-C525-49E8-B0C7-F9EA134398DC} = {F413F17C-FDB6-4F0C-B1BA-1C6F3C111D0E}
		{4AA76842-1A16-407C-B3B6-A321635C0E13} = {F413F17C-FDB6-4F0C-B1BA-1C6F3C111D0E}
		{DEE0C6D2-3786-40AB-B78B-DE307872F078} = {9878AF62-C525-49E8-B0C7-F9EA134398DC}
		{377EDB78-4015-44D3-957E-B3C9DCA4CE5D} = {9878AF62-C525-49E8-B0C7-F9EA134398DC}
		{50E4F22B-2C80-473E-8C0B-603565C7E2C2} = {4AA76842-1A16-407C-B3B6-A321635C0E13}
		{62676A2D-CB7E-4661-BAC1-235DEB64DFF7} = {937F8E44-BCD5-4716-85C6-195B4B9973B6}
		{A44B28FE-8D82-498C-BFC5-1E9E035C42DB} = {937F8E44-BCD5-4716-85C6-195B4B9973B6}
		{37BF8DF8-A2F1-4849-8757-C44CEAE10E32} = {937F8E44-BCD5-4716-85C6-195B4B9973B6}
		{9193844E-0052-436D-9923-D71ACD03FF35} = {937F8E44-BCD5-4716-85C6-195B4B9973B6}
		{EB1A08E0-315B-479E-865A-1A1E01F4FDA0} = {937F8E44-BCD5-4716-85C6-195B4B9973B6}
		{8F4B1D66-C593-402C-BD1E-B288CFFAEBD4} = {9878AF62-C525-49E8-B0C7-F9EA134398DC}
		{94227EF8-9751-4F86-9AB9-7EC6E67B39EC} = {689625F6-8CB6-42FF-AF22-B0A7EB991607}
		{1B2DF9C7-6E6E-4CBB-925B-34D444AB0AAC} = {689625F6-8CB6-42FF-AF22-B0A7EB991607}
		{84E8E8B7-8364-4916-A896-AC28F3591959} = {689625F6-8CB6-42FF-AF22-B0A7EB991607}
		{8256E462-7E9C-4FEE-9046-4978656EAAD4} = {689625F6-8CB6-42FF-AF22-B0A7EB991607}
		{082AD059-3363-4930-950A-9DECA146C825} = {B8A5B0BD-FDCF-4C23-B28B-A93E494528A1}
		{6F39491A-A84C-4E0C-A86F-825EE5E61923} = {B8A5B0BD-FDCF-4C23-B28B-A93E494528A1}
		{21C0E20C-2F56-4194-BD2B-1364C28A7BDE} = {689625F6-8CB6-42FF-AF22-B0A7EB991607}
		{5B0011D7-6FF3-493E-B73D-D64129226CB9} = {689625F6-8CB6-42FF-AF22-B0A7EB991607}
		{AE6797AB-68E0-4823-9476-80EB2DDF2931} = {689625F6-8CB6-42FF-AF22-B0A7EB991607}
		{3F81E9EC-8BCB-47C1-9D8A-27D1C3E83062} = {689625F6-8CB6-42FF-AF22-B0A7EB991607}
		{3397B4D7-F171-4223-822B-51FC899056E9} = {B8A5B0BD-FDCF-4C23-B28B-A93E494528A1}
		{7517F20D-6AE8-44BD-AEAF-F79A801D1057} = {B8A5B0BD-FDCF-4C23-B28B-A93E494528A1}
		{00E72D3A-D5B3-4548-92D7-69A48ADBB840} = {B8A5B0BD-FDCF-4C23-B28B-A93E494528A1}
		{62915F68-ED21-4162-8831-D5A2594B1FD3} = {B8A5B0BD-FDCF-4C23-B28B-A93E494528A1}
		{D160C57F-58E6-4C19-8FBE-398BDC5B2B8D} = {B8A5B0BD-FDCF-4C23-B28B-A93E494528A1}
		{98A4805B-D221-45EF-8F29-853693A71519} = {B8A5B0BD-FDCF-4C23-B28B-A93E494528A1}
		{65E4AEFA-1A3F-40E5-8DD0-3A5DF33EA8D2} = {B8A5B0BD-FDCF-4C23-B28B-A93E494528A1}
		{754A85F4-2F52-4F73-A92D-F18273F8745F} = {B8A5B0BD-FDCF-4C23-B28B-A93E494528A1}
		{9043E938-9366-4424-9448-FE29969818D2} = {B8A5B0BD-FDCF-4C23-B28B-A93E494528A1}
		{DFF9A7BD-65BD-4BBA-B069-52A5426CFF19} = {B8A5B0BD-FDCF-4C23-B28B-A93E494528A1}
		{29C481C2-69FB-40C4-A25C-5634A0365617} = {B8A5B0BD-FDCF-4C23-B28B-A93E494528A1}
	EndGlobalSection
	GlobalSection(ExtensibilityGlobals) = postSolution
		SolutionGuid = {53D2CBEB-40EF-4E5A-BDC4-BFDFCCBD52FC}
	EndGlobalSection
EndGlobal
