<?xml version="1.0" encoding="utf-8"?>
<Project ToolsVersion="4.0" xmlns="http://schemas.microsoft.com/developer/msbuild/2003">
  <ItemGroup>
    <ClCompile Include="Note.cpp" />
    <ClCompile Include="Note_manager.cpp" />
    <ClCompile Include="Sample.cpp" />
    <ClCompile Include="Effect.cpp" />
    <ClCompile Include="Song_manager.cpp" />
    <ClCompile Include="UI.cpp" />
    <ClCompile Include="Transition.cpp" />
    <ClCompile Include="Ingame_scene.cpp">
      <Filter>Scene</Filter>
    </ClCompile>
    <ClCompile Include="Scene.cpp">
      <Filter>Scene</Filter>
    </ClCompile>
    <ClCompile Include="Select_scene.cpp">
      <Filter>Scene</Filter>
    </ClCompile>
    <ClCompile Include="Title_scene.cpp">
      <Filter>Scene</Filter>
    </ClCompile>
    <ClCompile Include="Result._scene.cpp">
      <Filter>Scene</Filter>
    </ClCompile>
    <ClCompile Include="Score_manager.cpp" />
  </ItemGroup>
  <ItemGroup>
    <ClInclude Include="Note.h" />
    <ClInclude Include="Note_manager.h" />
    <ClInclude Include="Sample.h" />
    <ClInclude Include="resource.h">
      <Filter>cursor</Filter>
    </ClInclude>
    <ClInclude Include="Effect.h" />
    <ClInclude Include="Song_manager.h" />
    <ClInclude Include="Info_struct.h" />
    <ClInclude Include="UI.h" />
    <ClInclude Include="Transition.h" />
    <ClInclude Include="Ingame_scene.h">
      <Filter>Scene</Filter>
    </ClInclude>
    <ClInclude Include="Scene.h">
      <Filter>Scene</Filter>
    </ClInclude>
    <ClInclude Include="Select_scene.h">
      <Filter>Scene</Filter>
    </ClInclude>
    <ClInclude Include="Title_scene.h">
      <Filter>Scene</Filter>
    </ClInclude>
    <ClInclude Include="Result_scene.h">
      <Filter>Scene</Filter>
    </ClInclude>
    <ClInclude Include="Score_manager.h" />
  </ItemGroup>
  <ItemGroup>
    <Filter Include="cursor">
      <UniqueIdentifier>{edb4e9d0-e97d-4474-866d-fff34e77769d}</UniqueIdentifier>
    </Filter>
    <Filter Include="txt">
      <UniqueIdentifier>{5e47b798-84bf-44e3-a010-aa7de2164dc8}</UniqueIdentifier>
    </Filter>
    <Filter Include="Scene">
      <UniqueIdentifier>{43bfcc4e-9eab-4149-bd5f-935f8dd98da2}</UniqueIdentifier>
    </Filter>
  </ItemGroup>
  <ItemGroup>
    <ResourceCompile Include="2D game test.rc">
      <Filter>cursor</Filter>
    </ResourceCompile>
  </ItemGroup>
  <ItemGroup>
    <None Include="..\..\data\EBA\light_cursor.cur">
      <Filter>cursor</Filter>
    </None>
  </ItemGroup>
  <ItemGroup>
    <Text Include="..\..\data\EBA\Note_tex_pos.txt">
      <Filter>txt</Filter>
    </Text>
    <Text Include="..\..\data\EBA\Sound\Sing_Street.txt">
      <Filter>txt</Filter>
    </Text>
  </ItemGroup>
</Project>